{
  "version": "4",
  "specifiers": {
    "jsr:@db/mongo@0.33": "0.33.0",
    "jsr:@hono/hono@^4.6.12": "4.6.12",
    "jsr:@lucsoft/web-bson@~0.3.1": "0.3.1",
    "jsr:@std/assert@1": "1.0.8",
    "jsr:@std/crypto@^1.0.3": "1.0.3",
    "jsr:@std/crypto@~0.220.1": "0.220.1",
    "jsr:@std/encoding@~0.220.1": "0.220.1",
    "jsr:@std/internal@^1.0.5": "1.0.5"
  },
  "jsr": {
    "@db/mongo@0.33.0": {
      "integrity": "89312b9db63ad733920901d60faf8c667aa3cb0a64b67f8c3e74601465273e3a",
      "dependencies": [
        "jsr:@lucsoft/web-bson",
        "jsr:@std/crypto@~0.220.1",
        "jsr:@std/encoding"
      ]
    },
    "@hono/hono@4.6.12": {
      "integrity": "fa0b97fa7c3292f0d9957109ac07a475fe485868795b71b8e3114c284152cdb5"
    },
    "@lucsoft/web-bson@0.3.1": {
      "integrity": "dccad36fe5cc68286a4d3fe1993f7e7a81df0970c5946a5894dae9173adafe60"
    },
    "@std/assert@1.0.8": {
      "integrity": "ebe0bd7eb488ee39686f77003992f389a06c3da1bbd8022184804852b2fa641b",
      "dependencies": [
        "jsr:@std/internal"
      ]
    },
    "@std/crypto@0.220.1": {
      "integrity": "4cec173974f33398041a3f66cc2f9b2fcc4a5ceaddd0e60840887d3bb7289d23"
    },
    "@std/crypto@1.0.3": {
      "integrity": "a2a32f51ddef632d299e3879cd027c630dcd4d1d9a5285d6e6788072f4e51e7f"
    },
    "@std/encoding@0.220.1": {
      "integrity": "8dc38dd72e36cd68857a5837e24eb09a64bb296b96c295239c75eec17d45d23f"
    },
    "@std/internal@1.0.5": {
      "integrity": "54a546004f769c1ac9e025abd15a76b6671ddc9687e2313b67376125650dc7ba"
    }
  },
  "workspace": {
    "dependencies": [
      "jsr:@db/mongo@0.33",
      "jsr:@hono/hono@^4.6.12",
      "jsr:@std/assert@1",
      "jsr:@std/crypto@^1.0.3"
    ]
  }
}
