{
  "version": "4",
  "specifiers": {
    "jsr:@db/mongo@0.33": "0.33.0",
    "jsr:@hono/hono@^4.6.12": "4.6.12",
    "jsr:@lucsoft/web-bson@~0.3.1": "0.3.1",
    "jsr:@std/assert@1": "1.0.8",
    "jsr:@std/cli@^1.0.6": "1.0.7",
    "jsr:@std/crypto@^1.0.3": "1.0.3",
    "jsr:@std/crypto@~0.220.1": "0.220.1",
    "jsr:@std/encoding@^1.0.5": "1.0.5",
    "jsr:@std/encoding@~0.220.1": "0.220.1",
    "jsr:@std/fmt@^1.0.3": "1.0.3",
    "jsr:@std/html@^1.0.3": "1.0.3",
    "jsr:@std/http@^1.0.11": "1.0.11",
    "jsr:@std/internal@^1.0.5": "1.0.5",
    "jsr:@std/media-types@^1.1.0": "1.1.0",
    "jsr:@std/net@^1.0.4": "1.0.4",
    "jsr:@std/path@^1.0.8": "1.0.8",
    "jsr:@std/streams@^1.0.8": "1.0.8"
  },
  "jsr": {
    "@db/mongo@0.33.0": {
      "integrity": "89312b9db63ad733920901d60faf8c667aa3cb0a64b67f8c3e74601465273e3a",
      "dependencies": [
        "jsr:@lucsoft/web-bson",
        "jsr:@std/crypto@~0.220.1",
        "jsr:@std/encoding@~0.220.1"
      ]
    },
    "@hono/hono@4.6.12": {
      "integrity": "fa0b97fa7c3292f0d9957109ac07a475fe485868795b71b8e3114c284152cdb5"
    },
    "@lucsoft/web-bson@0.3.1": {
      "integrity": "dccad36fe5cc68286a4d3fe1993f7e7a81df0970c5946a5894dae9173adafe60"
    },
    "@std/assert@1.0.8": {
      "integrity": "ebe0bd7eb488ee39686f77003992f389a06c3da1bbd8022184804852b2fa641b",
      "dependencies": [
        "jsr:@std/internal"
      ]
    },
    "@std/cli@1.0.7": {
      "integrity": "98359df9df586a69015ba570305183b0cb9e7d53c05ea2016ef9a3e77e82c7cd"
    },
    "@std/crypto@0.220.1": {
      "integrity": "4cec173974f33398041a3f66cc2f9b2fcc4a5ceaddd0e60840887d3bb7289d23"
    },
    "@std/crypto@1.0.3": {
      "integrity": "a2a32f51ddef632d299e3879cd027c630dcd4d1d9a5285d6e6788072f4e51e7f"
    },
    "@std/encoding@0.220.1": {
      "integrity": "8dc38dd72e36cd68857a5837e24eb09a64bb296b96c295239c75eec17d45d23f"
    },
    "@std/encoding@1.0.5": {
      "integrity": "ecf363d4fc25bd85bd915ff6733a7e79b67e0e7806334af15f4645c569fefc04"
    },
    "@std/fmt@1.0.3": {
      "integrity": "97765c16aa32245ff4e2204ecf7d8562496a3cb8592340a80e7e554e0bb9149f"
    },
    "@std/html@1.0.3": {
      "integrity": "7a0ac35e050431fb49d44e61c8b8aac1ebd55937e0dc9ec6409aa4bab39a7988"
    },
    "@std/http@1.0.11": {
      "integrity": "f1928e69e7dcf1664e22d153934cb866bf31e1bbe4bc59f8ac1b4d0e98cb7558",
      "dependencies": [
        "jsr:@std/cli",
        "jsr:@std/encoding@^1.0.5",
        "jsr:@std/fmt",
        "jsr:@std/html",
        "jsr:@std/media-types",
        "jsr:@std/net",
        "jsr:@std/path",
        "jsr:@std/streams"
      ]
    },
    "@std/internal@1.0.5": {
      "integrity": "54a546004f769c1ac9e025abd15a76b6671ddc9687e2313b67376125650dc7ba"
    },
    "@std/media-types@1.1.0": {
      "integrity": "c9d093f0c05c3512932b330e3cc1fe1d627b301db33a4c2c2185c02471d6eaa4"
    },
    "@std/net@1.0.4": {
      "integrity": "2f403b455ebbccf83d8a027d29c5a9e3a2452fea39bb2da7f2c04af09c8bc852"
    },
    "@std/path@1.0.8": {
      "integrity": "548fa456bb6a04d3c1a1e7477986b6cffbce95102d0bb447c67c4ee70e0364be"
    },
    "@std/streams@1.0.8": {
      "integrity": "b41332d93d2cf6a82fe4ac2153b930adf1a859392931e2a19d9fabfb6f154fb3"
    }
  },
  "remote": {
    "https://esm.sh/*@preact/signals-core@1.5.1": "382e1e909d94792c655d35c72854d3a06167442bd2e81190e3a682194163d8c8",
    "https://esm.sh/*@preact/signals@1.2.2": "8b174b406f1c00fdf3930fbb4ddc556162e6fd0dfe84a5ec300e9ac1776cbf42",
    "https://esm.sh/preact@10.22.0": "55397119dec12d6ee0c5a3160753851a7ce136f14767bbb1ec0fa511cf82ad16",
    "https://esm.sh/preact@10.22.0/hooks": "94fe12928993c62115b7bad4b2dcc3fa796d741fee12f6c88425ee4ff47cf0e1",
    "https://esm.sh/preact@10.22.0/jsx-runtime": "c6185b52c1673f9d309dd6046051e9b6c034f14858bef62ea2a9fe9ef1ea2201",
    "https://esm.sh/stable/preact@10.22.0/denonext/hooks.js": "09230113132c216bbc3847aaad11289771e088be1b0eb9e49cbc724faaeac205",
    "https://esm.sh/stable/preact@10.22.0/denonext/jsx-runtime.js": "de60943799b1cbe6066c4f83f4ca71ef37011d7f5be7bef58ed980e8ff3f996a",
    "https://esm.sh/stable/preact@10.22.0/denonext/preact.mjs": "20c9563e051dd66e053d3afb450f61b48f2fa0d0ce4f69f8f0a2f23c1ef090da",
    "https://esm.sh/v135/@preact/signals-core@1.5.1/X-ZS8q/denonext/signals-core.mjs": "dc36965311a6fda182378c0b3aec418ffe60fb2bb6020d9948d105862a27ddf8",
    "https://esm.sh/v135/@preact/signals@1.2.2/X-ZS8q/denonext/signals.mjs": "f2cb7b0335f75be2827049bf6a1ce3c6bd35e74c7a922a1eeb338b0312d61556"
  },
  "workspace": {
    "dependencies": [
      "jsr:@db/mongo@0.33",
      "jsr:@hono/hono@^4.6.12",
      "jsr:@std/assert@1",
      "jsr:@std/crypto@^1.0.3",
      "jsr:@std/http@^1.0.11",
      "jsr:@std/path@^1.0.8"
    ]
  }
}
